
Microsoft Visual Studio Solution File, Format Version 12.00
# Visual Studio 14
VisualStudioVersion = 14.0.24720.0
MinimumVisualStudioVersion = 10.0.40219.1
Project("{FAE04EC0-301F-11D3-BF4B-00C04F79EFBC}") = "Recipes", "Receipe\Recipes.csproj", "{DE6C9866-D5ED-4579-BBAF-324836839FD6}"
EndProject
Project("{FAE04EC0-301F-11D3-BF4B-00C04F79EFBC}") = "UnitTestRecipe", "UnitTestReceipe\UnitTestRecipe.csproj", "{9CC0770D-1D05-46CF-B94F-3587330E89CA}"
EndProject
Global
	GlobalSection(SolutionConfigurationPlatforms) = preSolution
		Debug|Any CPU = Debug|Any CPU
		Release|Any CPU = Release|Any CPU
	EndGlobalSection
	GlobalSection(ProjectConfigurationPlatforms) = postSolution
		{DE6C9866-D5ED-4579-BBAF-324836839FD6}.Debug|Any CPU.ActiveCfg = Debug|Any CPU
		{DE6C9866-D5ED-4579-BBAF-324836839FD6}.Debug|Any CPU.Build.0 = Debug|Any CPU
		{DE6C9866-D5ED-4579-BBAF-324836839FD6}.Release|Any CPU.ActiveCfg = Release|Any CPU
		{DE6C9866-D5ED-4579-BBAF-324836839FD6}.Release|Any CPU.Build.0 = Release|Any CPU
		{9CC0770D-1D05-46CF-B94F-3587330E89CA}.Debug|Any CPU.ActiveCfg = Debug|Any CPU
		{9CC0770D-1D05-46CF-B94F-3587330E89CA}.Debug|Any CPU.Build.0 = Debug|Any CPU
		{9CC0770D-1D05-46CF-B94F-3587330E89CA}.Release|Any CPU.ActiveCfg = Release|Any CPU
		{9CC0770D-1D05-46CF-B94F-3587330E89CA}.Release|Any CPU.Build.0 = Release|Any CPU
	EndGlobalSection
	GlobalSection(SolutionProperties) = preSolution
		HideSolutionNode = FALSE
	EndGlobalSection
EndGlobal
